{
  "pins" : [
    {
      "identity" : "kmm-viewmodel",
      "kind" : "remoteSourceControl",
      "location" : "https://github.com/rickclephas/KMM-ViewModel.git",
      "state" : {
        "branch" : "master",
        "revision" : "1f4d7502ebacef493dd14ef138a96e53aa3c64b8"
      }
    }
  ],
  "version" : 2
}
